{
  "name": "VirtualOS",
  "lockfileVersion": 3,
  "requires": true,
  "packages": {
    "": {
      "dependencies": {
        "@dnd-kit/core": "^6.3.1",
        "@dnd-kit/sortable": "^10.0.0",
        "@dnd-kit/utilities": "^3.2.2",
        "framer-motion": "^12.40.0"
      }
    },
    "node_modules/@dnd-kit/accessibility": {
      "version": "3.1.1",
      "resolved": "https://registry.npmjs.org/@dnd-kit/accessibility/-/accessibility-3.1.1.tgz",
      "integrity": "sha512-2P+YgaXF+gRsIihwwY1gCsQSYnu9Zyj2py8kY5fFvUM1qm2WA2u639R6YNVfU4GWr+ZM5mqEsfHZZLoRONbemw==",
      "license": "MIT",
      "dependencies": {
        "tslib": "^2.0.0"
      },
      "peerDependencies": {
        "react": ">=16.8.0"
      }
    },
    "node_modules/@dnd-kit/core": {
      "version": "6.3.1",
      "resolved": "https://registry.npmjs.org/@dnd-kit/core/-/core-6.3.1.tgz",
      "integrity": "sha512-xkGBRQQab4RLwgXxoqETICr6S5JlogafbhNsidmrkVv2YRs5MLwpjoF2qpiGjQt8S9AoxtIV603s0GIUpY5eYQ==",
      "license": "MIT",
      "dependencies": {
        "@dnd-kit/accessibility": "^3.1.1",
        "@dnd-kit/utilities": "^3.2.2",
        "tslib": "^2.0.0"
      },
      "peerDependencies": {
        "react": ">=16.8.0",
        "react-dom": ">=16.8.0"
      }
    },
    "node_modules/@dnd-kit/sortable": {
      "version": "10.0.0",
      "resolved": "https://registry.npmjs.org/@dnd-kit/sortable/-/sortable-10.0.0.tgz",
      "integrity": "sha512-+xqhmIIzvAYMGfBYYnbKuNicfSsk4RksY2XdmJhT+HAC01nix6fHCztU68jooFiMUB01Ky3F0FyOvhG/BZrWkg==",
      "license": "MIT",
      "dependencies": {
        "@dnd-kit/utilities": "^3.2.2",
        "tslib": "^2.0.0"
      },
      "peerDependencies": {
        "@dnd-kit/core": "^6.3.0",
        "react": ">=16.8.0"
      }
    },
    "node_modules/@dnd-kit/utilities": {
      "version": "3.2.2",
      "resolved": "https://registry.npmjs.org/@dnd-kit/utilities/-/utilities-3.2.2.tgz",
      "integrity": "sha512-+MKAJEOfaBe5SmV6t34p80MMKhjvUz0vRrvVJbPT0WElzaOJ/1xs+D+KDv+tD/NE5ujfrChEcshd4fLn0wpiqg==",
      "license": "MIT",
      "dependencies": {
        "tslib": "^2.0.0"
      },
      "peerDependencies": {
        "react": ">=16.8.0"
      }
    },
    "node_modules/framer-motion": {
      "version": "12.40.0",
      "resolved": "https://registry.npmjs.org/framer-motion/-/framer-motion-12.40.0.tgz",
      "integrity": "sha512-uaBd3qC1v3KQqBEjwTUd183K6PbS+j0yR9w9VmEOLWA/tnUcSn8Xa3uck7t4dgpDoUss8xQTcj8W2L07lrnLFg==",
      "license": "MIT",
      "dependencies": {
        "motion-dom": "^12.40.0",
        "motion-utils": "^12.39.0",
        "tslib": "^2.4.0"
      },
      "peerDependencies": {
        "@emotion/is-prop-valid": "*",
        "react": "^18.0.0 || ^19.0.0",
        "react-dom": "^18.0.0 || ^19.0.0"
      },
      "peerDependenciesMeta": {
        "@emotion/is-prop-valid": {
          "optional": true
        },
        "react": {
          "optional": true
        },
        "react-dom": {
          "optional": true
        }
      }
    },
    "node_modules/motion-dom": {
      "version": "12.40.0",
      "resolved": "https://registry.npmjs.org/motion-dom/-/motion-dom-12.40.0.tgz",
      "integrity": "sha512-HxU3ZaBwNPVQUBQf1xxgq+7JrPNZvjLVxgbpEZL7RrWJnsxOf0/OM+yrHG9ogLQ31Do/r57Oz2gQWPK+6q62mg==",
      "license": "MIT",
      "dependencies": {
        "motion-utils": "^12.39.0"
      }
    },
    "node_modules/motion-utils": {
      "version": "12.39.0",
      "resolved": "https://registry.npmjs.org/motion-utils/-/motion-utils-12.39.0.tgz",
      "integrity": "sha512-8nadJAJjTtqRkmRF36FoJTrywK9nnFmnPwnSMyxaOCU7GDjN9RTMJIxx9De8ErM+vpPhMccr/6fo5WciyQLnMQ==",
      "license": "MIT"
    },
    "node_modules/tslib": {
      "version": "2.8.1",
      "resolved": "https://registry.npmjs.org/tslib/-/tslib-2.8.1.tgz",
      "integrity": "sha512-oJFu94HQb+KVduSUQL7wnpmqnfmLsOA/nAh6b6EH0wCEoK0/mPeXU6c3wKDV83MkOuHPRHtSXKKU99IBazS/2w==",
      "license": "0BSD"
    }
  }
}
